
Microsoft Visual Studio Solution File, Format Version 12.00
# Visual Studio Version 17
VisualStudioVersion = 17.7.34221.43
MinimumVisualStudioVersion = 10.0.40219.1
Project("{FAE04EC0-301F-11D3-BF4B-00C04F79EFBC}") = "tcp_server", "tcp_server\tcp_server.csproj", "{0135D609-1E43-4F2F-93B7-55D9754FD7D2}"
EndProject
Project("{FAE04EC0-301F-11D3-BF4B-00C04F79EFBC}") = "tcp_client", "tcp_client\tcp_client.csproj", "{B48F90A7-6A4D-4282-A628-BD76FBA20015}"
EndProject
Global
	GlobalSection(SolutionConfigurationPlatforms) = preSolution
		Debug|Any CPU = Debug|Any CPU
		Release|Any CPU = Release|Any CPU
	EndGlobalSection
	GlobalSection(ProjectConfigurationPlatforms) = postSolution
		{0135D609-1E43-4F2F-93B7-55D9754FD7D2}.Debug|Any CPU.ActiveCfg = Debug|Any CPU
		{0135D609-1E43-4F2F-93B7-55D9754FD7D2}.Debug|Any CPU.Build.0 = Debug|Any CPU
		{0135D609-1E43-4F2F-93B7-55D9754FD7D2}.Release|Any CPU.ActiveCfg = Release|Any CPU
		{0135D609-1E43-4F2F-93B7-55D9754FD7D2}.Release|Any CPU.Build.0 = Release|Any CPU
		{B48F90A7-6A4D-4282-A628-BD76FBA20015}.Debug|Any CPU.ActiveCfg = Debug|Any CPU
		{B48F90A7-6A4D-4282-A628-BD76FBA20015}.Debug|Any CPU.Build.0 = Debug|Any CPU
		{B48F90A7-6A4D-4282-A628-BD76FBA20015}.Release|Any CPU.ActiveCfg = Release|Any CPU
		{B48F90A7-6A4D-4282-A628-BD76FBA20015}.Release|Any CPU.Build.0 = Release|Any CPU
	EndGlobalSection
	GlobalSection(SolutionProperties) = preSolution
		HideSolutionNode = FALSE
	EndGlobalSection
	GlobalSection(ExtensibilityGlobals) = postSolution
		SolutionGuid = {2605D36C-9A0A-4CA6-8B28-B3F8DC0D9917}
	EndGlobalSection
EndGlobal
